{
  "version": 4,
  "terraform_version": "1.10.5",
  "serial": 37,
  "lineage": "fd45d3b2-4e67-a201-2185-098cec177fff",
  "outputs": {},
  "resources": [
    {
      "mode": "managed",
      "type": "local_file",
      "name": "private_key",
      "provider": "provider[\"registry.terraform.io/hashicorp/local\"]",
      "instances": [
        {
          "schema_version": 0,
          "attributes": {
            "content": "-----BEGIN PRIVATE KEY-----\nMC4CAQAwBQYDK2VwBCIEIEzYIEp3+iv3AY1MFScATAY+ED3qW8cRy+WgY3Ej9TLB\n-----END PRIVATE KEY-----\n",
            "content_base64": null,
            "content_base64sha256": "+E3VozRfMxMloITtg5OB1BbHp1PfpU5ISnC+SWBZhL0=",
            "content_base64sha512": "R+lYe58Fm/x4XfaC+lgCm5ZtdobRFdQPFpHZ20NCYyxtNKlgWG/NxhJ/W2s/CYuPq9jDJ0kOOWw1HmnrOqC5VQ==",
            "content_md5": "93cb0cac76eee61697c886a251742b3a",
            "content_sha1": "7f1b10546b390477871b5d71e7645581d788ca03",
            "content_sha256": "f84dd5a3345f331325a084ed839381d416c7a753dfa54e484a70be49605984bd",
            "content_sha512": "47e9587b9f059bfc785df682fa58029b966d7686d115d40f1691d9db4342632c6d34a960586fcdc6127f5b6b3f098b8fabd8c327490e396c351e69eb3aa0b955",
            "directory_permission": "0777",
            "file_permission": "0400",
            "filename": "./id_ed25519",
            "id": "7f1b10546b390477871b5d71e7645581d788ca03",
            "sensitive_content": null,
            "source": null
          },
          "sensitive_attributes": [
            [
              {
                "type": "get_attr",
                "value": "content"
              }
            ],
            [
              {
                "type": "get_attr",
                "value": "sensitive_content"
              }
            ]
          ],
          "dependencies": [
            "tls_private_key.ssh_key"
          ]
        }
      ]
    },
    {
      "mode": "managed",
      "type": "local_file",
      "name": "public_key",
      "provider": "provider[\"registry.terraform.io/hashicorp/local\"]",
      "instances": [
        {
          "schema_version": 0,
          "attributes": {
            "content": "ssh-ed25519 AAAAC3NzaC1lZDI1NTE5AAAAIH1dnJUupTmqIE2+N3wkOk0pVPu8kqhS/nEEHZWkN7JR\n",
            "content_base64": null,
            "content_base64sha256": "kNg+/JXWn5DDdZNbldEz99XxjW2M4eN74Q0/AURPpvg=",
            "content_base64sha512": "pGypC3HbtQEHflv6yjJUxBvpWVXyPAxlYDBxwMaTieyv+SQPK51JHFSGVMqgiQSEk/EgpnvulN0LHClEzc8ecw==",
            "content_md5": "6251238fd6099c9486e86f5898586c86",
            "content_sha1": "4e177fa304e55fc94b41f2d70391fe0c9059d681",
            "content_sha256": "90d83efc95d69f90c375935b95d133f7d5f18d6d8ce1e37be10d3f01444fa6f8",
            "content_sha512": "a46ca90b71dbb501077e5bfaca3254c41be95955f23c0c65603071c0c69389ecaff9240f2b9d491c548654caa089048493f120a67bee94dd0b1c2944cdcf1e73",
            "directory_permission": "0777",
            "file_permission": "0777",
            "filename": "./id_ed25519.pub",
            "id": "4e177fa304e55fc94b41f2d70391fe0c9059d681",
            "sensitive_content": null,
            "source": null
          },
          "sensitive_attributes": [
            [
              {
                "type": "get_attr",
                "value": "sensitive_content"
              }
            ]
          ],
          "dependencies": [
            "tls_private_key.ssh_key"
          ]
        }
      ]
    },
    {
      "mode": "managed",
      "type": "tls_private_key",
      "name": "ssh_key",
      "provider": "provider[\"registry.terraform.io/hashicorp/tls\"]",
      "instances": [
        {
          "schema_version": 1,
          "attributes": {
            "algorithm": "ED25519",
            "ecdsa_curve": "P224",
            "id": "232a8ad8b8d48b7e6467f41ecbb4d37924676987",
            "private_key_openssh": "-----BEGIN OPENSSH PRIVATE KEY-----\nb3BlbnNzaC1rZXktdjEAAAAABG5vbmUAAAAEbm9uZQAAAAAAAAABAAAAMwAAAAtz\nc2gtZWQyNTUxOQAAACB9XZyVLqU5qiBNvjd8JDpNKVT7vJKoUv5xBB2VpDeyUQAA\nAIh6yCLcesgi3AAAAAtzc2gtZWQyNTUxOQAAACB9XZyVLqU5qiBNvjd8JDpNKVT7\nvJKoUv5xBB2VpDeyUQAAAEBM2CBKd/or9wGNTBUnAEwGPhA96lvHEcvloGNxI/Uy\nwX1dnJUupTmqIE2+N3wkOk0pVPu8kqhS/nEEHZWkN7JRAAAAAAECAwQF\n-----END OPENSSH PRIVATE KEY-----\n",
            "private_key_pem": "-----BEGIN PRIVATE KEY-----\nMC4CAQAwBQYDK2VwBCIEIEzYIEp3+iv3AY1MFScATAY+ED3qW8cRy+WgY3Ej9TLB\n-----END PRIVATE KEY-----\n",
            "private_key_pem_pkcs8": "-----BEGIN PRIVATE KEY-----\nMC4CAQAwBQYDK2VwBCIEIEzYIEp3+iv3AY1MFScATAY+ED3qW8cRy+WgY3Ej9TLB\n-----END PRIVATE KEY-----\n",
            "public_key_fingerprint_md5": "57:25:58:ff:6e:8d:47:d5:db:96:0e:97:e1:77:9d:02",
            "public_key_fingerprint_sha256": "SHA256:oB1IH8GEFh+1XqA8hVkVqLy+O/pGkFHZMqHh+G0aSoU",
            "public_key_openssh": "ssh-ed25519 AAAAC3NzaC1lZDI1NTE5AAAAIH1dnJUupTmqIE2+N3wkOk0pVPu8kqhS/nEEHZWkN7JR\n",
            "public_key_pem": "-----BEGIN PUBLIC KEY-----\nMCowBQYDK2VwAyEAfV2clS6lOaogTb43fCQ6TSlU+7ySqFL+cQQdlaQ3slE=\n-----END PUBLIC KEY-----\n",
            "rsa_bits": 2048
          },
          "sensitive_attributes": [
            [
              {
                "type": "get_attr",
                "value": "private_key_pem"
              }
            ],
            [
              {
                "type": "get_attr",
                "value": "private_key_pem_pkcs8"
              }
            ],
            [
              {
                "type": "get_attr",
                "value": "private_key_openssh"
              }
            ]
          ]
        }
      ]
    },
    {
      "mode": "managed",
      "type": "yandex_compute_disk",
      "name": "boot-disk-1",
      "provider": "provider[\"registry.terraform.io/yandex-cloud/yandex\"]",
      "instances": [
        {
          "schema_version": 0,
          "attributes": {
            "allow_recreate": null,
            "block_size": 4096,
            "created_at": "2025-02-08T08:03:46Z",
            "description": "",
            "disk_placement_policy": [
              {
                "disk_placement_group_id": ""
              }
            ],
            "folder_id": "b1g6ntej0h8v53mpsa8a",
            "hardware_generation": [
              {
                "generation2_features": [],
                "legacy_features": [
                  {
                    "pci_topology": "PCI_TOPOLOGY_V1"
                  }
                ]
              }
            ],
            "id": "fhm2pceupg6uhgtpal0o",
            "image_id": "fd86idv7gmqapoeiq5ld",
            "kms_key_id": null,
            "labels": null,
            "name": "boot-disk-1",
            "product_ids": [
              "f2ejre6duagcek0gugn7"
            ],
            "size": 20,
            "snapshot_id": "",
            "status": "ready",
            "timeouts": null,
            "type": "network-hdd",
            "zone": "ru-central1-a"
          },
          "sensitive_attributes": [],
          "private": "eyJlMmJmYjczMC1lY2FhLTExZTYtOGY4OC0zNDM2M2JjN2M0YzAiOnsiY3JlYXRlIjozMDAwMDAwMDAwMDAsImRlbGV0ZSI6MzAwMDAwMDAwMDAwLCJ1cGRhdGUiOjMwMDAwMDAwMDAwMH19"
        }
      ]
    },
    {
      "mode": "managed",
      "type": "yandex_compute_instance",
      "name": "vm-1",
      "provider": "provider[\"registry.terraform.io/yandex-cloud/yandex\"]",
      "instances": [
        {
          "status": "tainted",
          "schema_version": 1,
          "attributes": {
            "allow_recreate": null,
            "allow_stopping_for_update": null,
            "boot_disk": [
              {
                "auto_delete": true,
                "device_name": "fhm2pceupg6uhgtpal0o",
                "disk_id": "fhm2pceupg6uhgtpal0o",
                "initialize_params": [
                  {
                    "block_size": 4096,
                    "description": "",
                    "image_id": "fd86idv7gmqapoeiq5ld",
                    "kms_key_id": "",
                    "name": "boot-disk-1",
                    "size": 20,
                    "snapshot_id": "",
                    "type": "network-hdd"
                  }
                ],
                "mode": "READ_WRITE"
              }
            ],
            "created_at": "2025-02-08T08:03:56Z",
            "description": "",
            "filesystem": [],
            "folder_id": "b1g6ntej0h8v53mpsa8a",
            "fqdn": "fhm9dd6urhndt4ucibka.auto.internal",
            "gpu_cluster_id": "",
            "hardware_generation": [
              {
                "generation2_features": [],
                "legacy_features": [
                  {
                    "pci_topology": "PCI_TOPOLOGY_V1"
                  }
                ]
              }
            ],
            "hostname": "",
            "id": "fhm9dd6urhndt4ucibka",
            "labels": null,
            "local_disk": [],
            "maintenance_grace_period": "",
            "maintenance_policy": null,
            "metadata": {
              "ssh-keys": "ipiris:ssh-ed25519 AAAAC3NzaC1lZDI1NTE5AAAAIH1dnJUupTmqIE2+N3wkOk0pVPu8kqhS/nEEHZWkN7JR\n"
            },
            "metadata_options": [
              {
                "aws_v1_http_endpoint": 1,
                "aws_v1_http_token": 2,
                "gce_http_endpoint": 1,
                "gce_http_token": 1
              }
            ],
            "name": "terraform1",
            "network_acceleration_type": "standard",
            "network_interface": [
              {
                "dns_record": [],
                "index": 0,
                "ip_address": "192.168.10.19",
                "ipv4": true,
                "ipv6": false,
                "ipv6_address": "",
                "ipv6_dns_record": [],
                "mac_address": "d0:0d:96:b4:de:dc",
                "nat": true,
                "nat_dns_record": [],
                "nat_ip_address": "158.160.39.110",
                "nat_ip_version": "IPV4",
                "security_group_ids": [],
                "subnet_id": "e9bmenothdufiggu37fo"
              }
            ],
            "placement_policy": [
              {
                "host_affinity_rules": [],
                "placement_group_id": "",
                "placement_group_partition": 0
              }
            ],
            "platform_id": "standard-v3",
            "resources": [
              {
                "core_fraction": 100,
                "cores": 2,
                "gpus": 0,
                "memory": 4
              }
            ],
            "scheduling_policy": [
              {
                "preemptible": false
              }
            ],
            "secondary_disk": [],
            "service_account_id": "",
            "status": "running",
            "timeouts": null,
            "zone": "ru-central1-a"
          },
          "sensitive_attributes": [],
          "private": "eyJlMmJmYjczMC1lY2FhLTExZTYtOGY4OC0zNDM2M2JjN2M0YzAiOnsiY3JlYXRlIjozMDAwMDAwMDAwMDAsImRlbGV0ZSI6MzAwMDAwMDAwMDAwLCJ1cGRhdGUiOjMwMDAwMDAwMDAwMH0sInNjaGVtYV92ZXJzaW9uIjoiMSJ9",
          "dependencies": [
            "tls_private_key.ssh_key",
            "yandex_compute_disk.boot-disk-1",
            "yandex_vpc_network.network-1",
            "yandex_vpc_subnet.subnet-1"
          ]
        }
      ]
    },
    {
      "mode": "managed",
      "type": "yandex_vpc_network",
      "name": "network-1",
      "provider": "provider[\"registry.terraform.io/yandex-cloud/yandex\"]",
      "instances": [
        {
          "schema_version": 0,
          "attributes": {
            "created_at": "2025-02-08T08:03:46Z",
            "default_security_group_id": "enp3svoufkm9uiemg7sm",
            "description": "",
            "folder_id": "b1g6ntej0h8v53mpsa8a",
            "id": "enpb6fkrugg8vmrgkgg3",
            "labels": {},
            "name": "network1",
            "subnet_ids": [],
            "timeouts": null
          },
          "sensitive_attributes": [],
          "private": "eyJlMmJmYjczMC1lY2FhLTExZTYtOGY4OC0zNDM2M2JjN2M0YzAiOnsiY3JlYXRlIjo2MDAwMDAwMDAwMCwiZGVsZXRlIjo2MDAwMDAwMDAwMCwidXBkYXRlIjo2MDAwMDAwMDAwMH19"
        }
      ]
    },
    {
      "mode": "managed",
      "type": "yandex_vpc_subnet",
      "name": "subnet-1",
      "provider": "provider[\"registry.terraform.io/yandex-cloud/yandex\"]",
      "instances": [
        {
          "schema_version": 0,
          "attributes": {
            "created_at": "2025-02-08T08:03:48Z",
            "description": "",
            "dhcp_options": [],
            "folder_id": "b1g6ntej0h8v53mpsa8a",
            "id": "e9bmenothdufiggu37fo",
            "labels": {},
            "name": "subnet1",
            "network_id": "enpb6fkrugg8vmrgkgg3",
            "route_table_id": "",
            "timeouts": null,
            "v4_cidr_blocks": [
              "192.168.10.0/24"
            ],
            "v6_cidr_blocks": [],
            "zone": "ru-central1-a"
          },
          "sensitive_attributes": [],
          "private": "eyJlMmJmYjczMC1lY2FhLTExZTYtOGY4OC0zNDM2M2JjN2M0YzAiOnsiY3JlYXRlIjoxODAwMDAwMDAwMDAsImRlbGV0ZSI6MTgwMDAwMDAwMDAwLCJ1cGRhdGUiOjE4MDAwMDAwMDAwMH19",
          "dependencies": [
            "yandex_vpc_network.network-1"
          ]
        }
      ]
    }
  ],
  "check_results": null
}
